
Microsoft Visual Studio Solution File, Format Version 12.00
# Visual Studio Version 16
VisualStudioVersion = 16.0.31515.178
MinimumVisualStudioVersion = 10.0.40219.1
Project("{FAE04EC0-301F-11D3-BF4B-00C04F79EFBC}") = "Hotel_Project", "Hotel_Project\Hotel_Project.csproj", "{09508623-3022-49F9-B2FD-72C41BB79DC2}"
EndProject
Global
	GlobalSection(SolutionConfigurationPlatforms) = preSolution
		Debug|Any CPU = Debug|Any CPU
		Release|Any CPU = Release|Any CPU
	EndGlobalSection
	GlobalSection(ProjectConfigurationPlatforms) = postSolution
		{09508623-3022-49F9-B2FD-72C41BB79DC2}.Debug|Any CPU.ActiveCfg = Debug|Any CPU
		{09508623-3022-49F9-B2FD-72C41BB79DC2}.Debug|Any CPU.Build.0 = Debug|Any CPU
		{09508623-3022-49F9-B2FD-72C41BB79DC2}.Release|Any CPU.ActiveCfg = Release|Any CPU
		{09508623-3022-49F9-B2FD-72C41BB79DC2}.Release|Any CPU.Build.0 = Release|Any CPU
	EndGlobalSection
	GlobalSection(SolutionProperties) = preSolution
		HideSolutionNode = FALSE
	EndGlobalSection
	GlobalSection(ExtensibilityGlobals) = postSolution
		SolutionGuid = {14E46CCD-7751-4545-B677-E2CA3AAE6850}
	EndGlobalSection
EndGlobal
